
Microsoft Visual Studio Solution File, Format Version 12.00
# Visual Studio Version 16
VisualStudioVersion = 16.0.33328.57
MinimumVisualStudioVersion = 10.0.40219.1
Project("{F184B08F-C81C-45F6-A57F-5ABD9991F28F}") = "Chapter 5 Payroll Calculator", "Chapter 5 Payroll Calculator\Chapter 5 Payroll Calculator.vbproj", "{E7FEDAD3-4CAA-46B1-A6BE-5728FDC732DB}"
EndProject
Global
	GlobalSection(SolutionConfigurationPlatforms) = preSolution
		Debug|Any CPU = Debug|Any CPU
		Release|Any CPU = Release|Any CPU
	EndGlobalSection
	GlobalSection(ProjectConfigurationPlatforms) = postSolution
		{E7FEDAD3-4CAA-46B1-A6BE-5728FDC732DB}.Debug|Any CPU.ActiveCfg = Debug|Any CPU
		{E7FEDAD3-4CAA-46B1-A6BE-5728FDC732DB}.Debug|Any CPU.Build.0 = Debug|Any CPU
		{E7FEDAD3-4CAA-46B1-A6BE-5728FDC732DB}.Release|Any CPU.ActiveCfg = Release|Any CPU
		{E7FEDAD3-4CAA-46B1-A6BE-5728FDC732DB}.Release|Any CPU.Build.0 = Release|Any CPU
	EndGlobalSection
	GlobalSection(SolutionProperties) = preSolution
		HideSolutionNode = FALSE
	EndGlobalSection
	GlobalSection(ExtensibilityGlobals) = postSolution
		SolutionGuid = {CA7B5F96-F1B5-4CE3-8B79-535E275B3A10}
	EndGlobalSection
EndGlobal
